
Microsoft Visual Studio Solution File, Format Version 12.00
# Visual Studio Version 17
VisualStudioVersion = 17.11.35327.3
MinimumVisualStudioVersion = 10.0.40219.1
Project("{9A19103F-16F7-4668-BE54-9A1E7A4F7556}") = "ExpenseFlow.Api", "ExpenseFlow.Api.csproj", "{A69361F4-4B26-49CC-A7CC-6898A8D41486}"
EndProject
Project("{9A19103F-16F7-4668-BE54-9A1E7A4F7556}") = "Api.Domain.Tests", "..\Api.Domain.Tests\Api.Domain.Tests.csproj", "{34F8256A-7263-4B81-9211-ABBAA6EA43EA}"
EndProject
Project("{FAE04EC0-301F-11D3-BF4B-00C04F79EFBC}") = "ExpenseFlow.Api.Application.Tests", "..\ExpenseFlow.Api.Application.Tests\ExpenseFlow.Api.Application.Tests.csproj", "{97A09936-0108-47B3-9A07-A4BE12F1FB02}"
EndProject
Global
	GlobalSection(SolutionConfigurationPlatforms) = preSolution
		Debug|Any CPU = Debug|Any CPU
		Release|Any CPU = Release|Any CPU
	EndGlobalSection
	GlobalSection(ProjectConfigurationPlatforms) = postSolution
		{A69361F4-4B26-49CC-A7CC-6898A8D41486}.Debug|Any CPU.ActiveCfg = Debug|Any CPU
		{A69361F4-4B26-49CC-A7CC-6898A8D41486}.Debug|Any CPU.Build.0 = Debug|Any CPU
		{A69361F4-4B26-49CC-A7CC-6898A8D41486}.Release|Any CPU.ActiveCfg = Release|Any CPU
		{A69361F4-4B26-49CC-A7CC-6898A8D41486}.Release|Any CPU.Build.0 = Release|Any CPU
		{34F8256A-7263-4B81-9211-ABBAA6EA43EA}.Debug|Any CPU.ActiveCfg = Debug|Any CPU
		{34F8256A-7263-4B81-9211-ABBAA6EA43EA}.Debug|Any CPU.Build.0 = Debug|Any CPU
		{34F8256A-7263-4B81-9211-ABBAA6EA43EA}.Release|Any CPU.ActiveCfg = Release|Any CPU
		{34F8256A-7263-4B81-9211-ABBAA6EA43EA}.Release|Any CPU.Build.0 = Release|Any CPU
		{97A09936-0108-47B3-9A07-A4BE12F1FB02}.Debug|Any CPU.ActiveCfg = Debug|Any CPU
		{97A09936-0108-47B3-9A07-A4BE12F1FB02}.Debug|Any CPU.Build.0 = Debug|Any CPU
		{97A09936-0108-47B3-9A07-A4BE12F1FB02}.Release|Any CPU.ActiveCfg = Release|Any CPU
		{97A09936-0108-47B3-9A07-A4BE12F1FB02}.Release|Any CPU.Build.0 = Release|Any CPU
	EndGlobalSection
	GlobalSection(SolutionProperties) = preSolution
		HideSolutionNode = FALSE
	EndGlobalSection
	GlobalSection(ExtensibilityGlobals) = postSolution
		SolutionGuid = {54F29057-90D6-4EAA-9804-F88BBA19026C}
	EndGlobalSection
EndGlobal
